// !$*UTF8*$!
{
	archiveVersion = 1;
	classes = {
	};
	objectVersion = 50;
	objects = {

/* Begin PBXBuildFile section */
		4F92F9FA6EC9A118671B85D3 /* Pods_yelp_appTests.framework in Frameworks */ = {isa = PBXBuildFile; fileRef = 55F5086B4AEFA450D31AFE42 /* Pods_yelp_appTests.framework */; };
		7154CD6BBE44DB0F016A3B41 /* Pods_yelp_app.framework in Frameworks */ = {isa = PBXBuildFile; fileRef = C7BD01711D9C548719A66742 /* Pods_yelp_app.framework */; };
		89B65441E12D05889E70A0FC /* Pods_yelp_appUITests.framework in Frameworks */ = {isa = PBXBuildFile; fileRef = 26EFA18D57A00777980FD07C /* Pods_yelp_appUITests.framework */; };
		E49AB76C226859B500C02AE1 /* AppDelegate.swift in Sources */ = {isa = PBXBuildFile; fileRef = E49AB76B226859B500C02AE1 /* AppDelegate.swift */; };
		E49AB771226859B500C02AE1 /* Main.storyboard in Resources */ = {isa = PBXBuildFile; fileRef = E49AB76F226859B500C02AE1 /* Main.storyboard */; };
		E49AB773226859B800C02AE1 /* Assets.xcassets in Resources */ = {isa = PBXBuildFile; fileRef = E49AB772226859B800C02AE1 /* Assets.xcassets */; };
		E49AB776226859B800C02AE1 /* LaunchScreen.storyboard in Resources */ = {isa = PBXBuildFile; fileRef = E49AB774226859B800C02AE1 /* LaunchScreen.storyboard */; };
		E49AB781226859B900C02AE1 /* yelp_appTests.swift in Sources */ = {isa = PBXBuildFile; fileRef = E49AB780226859B900C02AE1 /* yelp_appTests.swift */; };
		E49AB78C226859B900C02AE1 /* yelp_appUITests.swift in Sources */ = {isa = PBXBuildFile; fileRef = E49AB78B226859B900C02AE1 /* yelp_appUITests.swift */; };
		E49AB79C226866C000C02AE1 /* YelpItemsViewController.swift in Sources */ = {isa = PBXBuildFile; fileRef = E49AB79B226866C000C02AE1 /* YelpItemsViewController.swift */; };
		E49AB79E22686A2400C02AE1 /* YelpDetailsViewController.swift in Sources */ = {isa = PBXBuildFile; fileRef = E49AB79D22686A2400C02AE1 /* YelpDetailsViewController.swift */; };
		E49AB7A022686BC200C02AE1 /* YelpItemCell.swift in Sources */ = {isa = PBXBuildFile; fileRef = E49AB79F22686BC200C02AE1 /* YelpItemCell.swift */; };
/* End PBXBuildFile section */

/* Begin PBXContainerItemProxy section */
		E49AB77D226859B900C02AE1 /* PBXContainerItemProxy */ = {
			isa = PBXContainerItemProxy;
			containerPortal = E49AB760226859B500C02AE1 /* Project object */;
			proxyType = 1;
			remoteGlobalIDString = E49AB767226859B500C02AE1;
			remoteInfo = "yelp-app";
		};
		E49AB788226859B900C02AE1 /* PBXContainerItemProxy */ = {
			isa = PBXContainerItemProxy;
			containerPortal = E49AB760226859B500C02AE1 /* Project object */;
			proxyType = 1;
			remoteGlobalIDString = E49AB767226859B500C02AE1;
			remoteInfo = "yelp-app";
		};
/* End PBXContainerItemProxy section */

/* Begin PBXFileReference section */
		26EFA18D57A00777980FD07C /* Pods_yelp_appUITests.framework */ = {isa = PBXFileReference; explicitFileType = wrapper.framework; includeInIndex = 0; path = Pods_yelp_appUITests.framework; sourceTree = BUILT_PRODUCTS_DIR; };
		55F5086B4AEFA450D31AFE42 /* Pods_yelp_appTests.framework */ = {isa = PBXFileReference; explicitFileType = wrapper.framework; includeInIndex = 0; path = Pods_yelp_appTests.framework; sourceTree = BUILT_PRODUCTS_DIR; };
		883A261B55DBEE67072936F3 /* Pods-yelp-appTests.debug.xcconfig */ = {isa = PBXFileReference; includeInIndex = 1; lastKnownFileType = text.xcconfig; name = "Pods-yelp-appTests.debug.xcconfig"; path = "Pods/Target Support Files/Pods-yelp-appTests/Pods-yelp-appTests.debug.xcconfig"; sourceTree = "<group>"; };
		BDADBF19A2628E7F3EA2E792 /* Pods-yelp-app.release.xcconfig */ = {isa = PBXFileReference; includeInIndex = 1; lastKnownFileType = text.xcconfig; name = "Pods-yelp-app.release.xcconfig"; path = "Pods/Target Support Files/Pods-yelp-app/Pods-yelp-app.release.xcconfig"; sourceTree = "<group>"; };
		C7BD01711D9C548719A66742 /* Pods_yelp_app.framework */ = {isa = PBXFileReference; explicitFileType = wrapper.framework; includeInIndex = 0; path = Pods_yelp_app.framework; sourceTree = BUILT_PRODUCTS_DIR; };
		E49AB768226859B500C02AE1 /* yelp-app.app */ = {isa = PBXFileReference; explicitFileType = wrapper.application; includeInIndex = 0; path = "yelp-app.app"; sourceTree = BUILT_PRODUCTS_DIR; };
		E49AB76B226859B500C02AE1 /* AppDelegate.swift */ = {isa = PBXFileReference; lastKnownFileType = sourcecode.swift; path = AppDelegate.swift; sourceTree = "<group>"; };
		E49AB770226859B500C02AE1 /* Base */ = {isa = PBXFileReference; lastKnownFileType = file.storyboard; name = Base; path = Base.lproj/Main.storyboard; sourceTree = "<group>"; };
		E49AB772226859B800C02AE1 /* Assets.xcassets */ = {isa = PBXFileReference; lastKnownFileType = folder.assetcatalog; path = Assets.xcassets; sourceTree = "<group>"; };
		E49AB775226859B800C02AE1 /* Base */ = {isa = PBXFileReference; lastKnownFileType = file.storyboard; name = Base; path = Base.lproj/LaunchScreen.storyboard; sourceTree = "<group>"; };
		E49AB777226859B800C02AE1 /* Info.plist */ = {isa = PBXFileReference; lastKnownFileType = text.plist.xml; path = Info.plist; sourceTree = "<group>"; };
		E49AB77C226859B900C02AE1 /* yelp-appTests.xctest */ = {isa = PBXFileReference; explicitFileType = wrapper.cfbundle; includeInIndex = 0; path = "yelp-appTests.xctest"; sourceTree = BUILT_PRODUCTS_DIR; };
		E49AB780226859B900C02AE1 /* yelp_appTests.swift */ = {isa = PBXFileReference; lastKnownFileType = sourcecode.swift; path = yelp_appTests.swift; sourceTree = "<group>"; };
		E49AB782226859B900C02AE1 /* Info.plist */ = {isa = PBXFileReference; lastKnownFileType = text.plist.xml; path = Info.plist; sourceTree = "<group>"; };
		E49AB787226859B900C02AE1 /* yelp-appUITests.xctest */ = {isa = PBXFileReference; explicitFileType = wrapper.cfbundle; includeInIndex = 0; path = "yelp-appUITests.xctest"; sourceTree = BUILT_PRODUCTS_DIR; };
		E49AB78B226859B900C02AE1 /* yelp_appUITests.swift */ = {isa = PBXFileReference; lastKnownFileType = sourcecode.swift; path = yelp_appUITests.swift; sourceTree = "<group>"; };
		E49AB78D226859B900C02AE1 /* Info.plist */ = {isa = PBXFileReference; lastKnownFileType = text.plist.xml; path = Info.plist; sourceTree = "<group>"; };
		E49AB79B226866C000C02AE1 /* YelpItemsViewController.swift */ = {isa = PBXFileReference; lastKnownFileType = sourcecode.swift; path = YelpItemsViewController.swift; sourceTree = "<group>"; };
		E49AB79D22686A2400C02AE1 /* YelpDetailsViewController.swift */ = {isa = PBXFileReference; lastKnownFileType = sourcecode.swift; path = YelpDetailsViewController.swift; sourceTree = "<group>"; };
		E49AB79F22686BC200C02AE1 /* YelpItemCell.swift */ = {isa = PBXFileReference; lastKnownFileType = sourcecode.swift; path = YelpItemCell.swift; sourceTree = "<group>"; };
		E7308D44ABB87248FEBA1DBB /* Pods-yelp-appUITests.debug.xcconfig */ = {isa = PBXFileReference; includeInIndex = 1; lastKnownFileType = text.xcconfig; name = "Pods-yelp-appUITests.debug.xcconfig"; path = "Pods/Target Support Files/Pods-yelp-appUITests/Pods-yelp-appUITests.debug.xcconfig"; sourceTree = "<group>"; };
		EF43063ACD8C83802ED34AEF /* Pods-yelp-app.debug.xcconfig */ = {isa = PBXFileReference; includeInIndex = 1; lastKnownFileType = text.xcconfig; name = "Pods-yelp-app.debug.xcconfig"; path = "Pods/Target Support Files/Pods-yelp-app/Pods-yelp-app.debug.xcconfig"; sourceTree = "<group>"; };
		FC2B24DDC35798A2FD374A00 /* Pods-yelp-appUITests.release.xcconfig */ = {isa = PBXFileReference; includeInIndex = 1; lastKnownFileType = text.xcconfig; name = "Pods-yelp-appUITests.release.xcconfig"; path = "Pods/Target Support Files/Pods-yelp-appUITests/Pods-yelp-appUITests.release.xcconfig"; sourceTree = "<group>"; };
		FC75D70BD2F26C08A6844F3B /* Pods-yelp-appTests.release.xcconfig */ = {isa = PBXFileReference; includeInIndex = 1; lastKnownFileType = text.xcconfig; name = "Pods-yelp-appTests.release.xcconfig"; path = "Pods/Target Support Files/Pods-yelp-appTests/Pods-yelp-appTests.release.xcconfig"; sourceTree = "<group>"; };
/* End PBXFileReference section */

/* Begin PBXFrameworksBuildPhase section */
		E49AB765226859B500C02AE1 /* Frameworks */ = {
			isa = PBXFrameworksBuildPhase;
			buildActionMask = 2147483647;
			files = (
				7154CD6BBE44DB0F016A3B41 /* Pods_yelp_app.framework in Frameworks */,
			);
			runOnlyForDeploymentPostprocessing = 0;
		};
		E49AB779226859B900C02AE1 /* Frameworks */ = {
			isa = PBXFrameworksBuildPhase;
			buildActionMask = 2147483647;
			files = (
				4F92F9FA6EC9A118671B85D3 /* Pods_yelp_appTests.framework in Frameworks */,
			);
			runOnlyForDeploymentPostprocessing = 0;
		};
		E49AB784226859B900C02AE1 /* Frameworks */ = {
			isa = PBXFrameworksBuildPhase;
			buildActionMask = 2147483647;
			files = (
				89B65441E12D05889E70A0FC /* Pods_yelp_appUITests.framework in Frameworks */,
			);
			runOnlyForDeploymentPostprocessing = 0;
		};
/* End PBXFrameworksBuildPhase section */

/* Begin PBXGroup section */
		4F6AE2B647EDB723E39A64F8 /* Frameworks */ = {
			isa = PBXGroup;
			children = (
				C7BD01711D9C548719A66742 /* Pods_yelp_app.framework */,
				55F5086B4AEFA450D31AFE42 /* Pods_yelp_appTests.framework */,
				26EFA18D57A00777980FD07C /* Pods_yelp_appUITests.framework */,
			);
			name = Frameworks;
			sourceTree = "<group>";
		};
		9E01134E67A83AA8A7B1093A /* Pods */ = {
			isa = PBXGroup;
			children = (
				EF43063ACD8C83802ED34AEF /* Pods-yelp-app.debug.xcconfig */,
				BDADBF19A2628E7F3EA2E792 /* Pods-yelp-app.release.xcconfig */,
				883A261B55DBEE67072936F3 /* Pods-yelp-appTests.debug.xcconfig */,
				FC75D70BD2F26C08A6844F3B /* Pods-yelp-appTests.release.xcconfig */,
				E7308D44ABB87248FEBA1DBB /* Pods-yelp-appUITests.debug.xcconfig */,
				FC2B24DDC35798A2FD374A00 /* Pods-yelp-appUITests.release.xcconfig */,
			);
			name = Pods;
			sourceTree = "<group>";
		};
		E49AB75F226859B500C02AE1 = {
			isa = PBXGroup;
			children = (
				E49AB76A226859B500C02AE1 /* yelp-app */,
				E49AB77F226859B900C02AE1 /* yelp-appTests */,
				E49AB78A226859B900C02AE1 /* yelp-appUITests */,
				E49AB769226859B500C02AE1 /* Products */,
				9E01134E67A83AA8A7B1093A /* Pods */,
				4F6AE2B647EDB723E39A64F8 /* Frameworks */,
			);
			sourceTree = "<group>";
		};
		E49AB769226859B500C02AE1 /* Products */ = {
			isa = PBXGroup;
			children = (
				E49AB768226859B500C02AE1 /* yelp-app.app */,
				E49AB77C226859B900C02AE1 /* yelp-appTests.xctest */,
				E49AB787226859B900C02AE1 /* yelp-appUITests.xctest */,
			);
			name = Products;
			sourceTree = "<group>";
		};
		E49AB76A226859B500C02AE1 /* yelp-app */ = {
			isa = PBXGroup;
			children = (
				E49AB79B226866C000C02AE1 /* YelpItemsViewController.swift */,
				E49AB76B226859B500C02AE1 /* AppDelegate.swift */,
				E49AB76F226859B500C02AE1 /* Main.storyboard */,
				E49AB79F22686BC200C02AE1 /* YelpItemCell.swift */,
				E49AB79D22686A2400C02AE1 /* YelpDetailsViewController.swift */,
				E49AB772226859B800C02AE1 /* Assets.xcassets */,
				E49AB774226859B800C02AE1 /* LaunchScreen.storyboard */,
				E49AB777226859B800C02AE1 /* Info.plist */,
			);
			path = "yelp-app";
			sourceTree = "<group>";
		};
		E49AB77F226859B900C02AE1 /* yelp-appTests */ = {
			isa = PBXGroup;
			children = (
				E49AB780226859B900C02AE1 /* yelp_appTests.swift */,
				E49AB782226859B900C02AE1 /* Info.plist */,
			);
			path = "yelp-appTests";
			sourceTree = "<group>";
		};
		E49AB78A226859B900C02AE1 /* yelp-appUITests */ = {
			isa = PBXGroup;
			children = (
				E49AB78B226859B900C02AE1 /* yelp_appUITests.swift */,
				E49AB78D226859B900C02AE1 /* Info.plist */,
			);
			path = "yelp-appUITests";
			sourceTree = "<group>";
		};
/* End PBXGroup section */

/* Begin PBXNativeTarget section */
		E49AB767226859B500C02AE1 /* yelp-app */ = {
			isa = PBXNativeTarget;
			buildConfigurationList = E49AB790226859B900C02AE1 /* Build configuration list for PBXNativeTarget "yelp-app" */;
			buildPhases = (
				59EDF695EC9D3D639BFB2C9B /* [CP] Check Pods Manifest.lock */,
				E49AB764226859B500C02AE1 /* Sources */,
				E49AB765226859B500C02AE1 /* Frameworks */,
				E49AB766226859B500C02AE1 /* Resources */,
				146E35D07E80B5903EBE7AA5 /* [CP] Embed Pods Frameworks */,
			);
			buildRules = (
			);
			dependencies = (
			);
			name = "yelp-app";
			productName = "yelp-app";
			productReference = E49AB768226859B500C02AE1 /* yelp-app.app */;
			productType = "com.apple.product-type.application";
		};
		E49AB77B226859B900C02AE1 /* yelp-appTests */ = {
			isa = PBXNativeTarget;
			buildConfigurationList = E49AB793226859B900C02AE1 /* Build configuration list for PBXNativeTarget "yelp-appTests" */;
			buildPhases = (
				DF858B66EB314E98344F2E92 /* [CP] Check Pods Manifest.lock */,
				E49AB778226859B900C02AE1 /* Sources */,
				E49AB779226859B900C02AE1 /* Frameworks */,
				E49AB77A226859B900C02AE1 /* Resources */,
			);
			buildRules = (
			);
			dependencies = (
				E49AB77E226859B900C02AE1 /* PBXTargetDependency */,
			);
			name = "yelp-appTests";
			productName = "yelp-appTests";
			productReference = E49AB77C226859B900C02AE1 /* yelp-appTests.xctest */;
			productType = "com.apple.product-type.bundle.unit-test";
		};
		E49AB786226859B900C02AE1 /* yelp-appUITests */ = {
			isa = PBXNativeTarget;
			buildConfigurationList = E49AB796226859B900C02AE1 /* Build configuration list for PBXNativeTarget "yelp-appUITests" */;
			buildPhases = (
				012ED809B4E1991804FC2602 /* [CP] Check Pods Manifest.lock */,
				E49AB783226859B900C02AE1 /* Sources */,
				E49AB784226859B900C02AE1 /* Frameworks */,
				E49AB785226859B900C02AE1 /* Resources */,
			);
			buildRules = (
			);
			dependencies = (
				E49AB789226859B900C02AE1 /* PBXTargetDependency */,
			);
			name = "yelp-appUITests";
			productName = "yelp-appUITests";
			productReference = E49AB787226859B900C02AE1 /* yelp-appUITests.xctest */;
			productType = "com.apple.product-type.bundle.ui-testing";
		};
/* End PBXNativeTarget section */

/* Begin PBXProject section */
		E49AB760226859B500C02AE1 /* Project object */ = {
			isa = PBXProject;
			attributes = {
				LastSwiftUpdateCheck = 1000;
				LastUpgradeCheck = 1000;
				ORGANIZATIONNAME = "Harry Zhang";
				TargetAttributes = {
					E49AB767226859B500C02AE1 = {
						CreatedOnToolsVersion = 10.0;
					};
					E49AB77B226859B900C02AE1 = {
						CreatedOnToolsVersion = 10.0;
						TestTargetID = E49AB767226859B500C02AE1;
					};
					E49AB786226859B900C02AE1 = {
						CreatedOnToolsVersion = 10.0;
						TestTargetID = E49AB767226859B500C02AE1;
					};
				};
			};
			buildConfigurationList = E49AB763226859B500C02AE1 /* Build configuration list for PBXProject "yelp-app" */;
			compatibilityVersion = "Xcode 9.3";
			developmentRegion = en;
			hasScannedForEncodings = 0;
			knownRegions = (
				en,
				Base,
			);
			mainGroup = E49AB75F226859B500C02AE1;
			productRefGroup = E49AB769226859B500C02AE1 /* Products */;
			projectDirPath = "";
			projectRoot = "";
			targets = (
				E49AB767226859B500C02AE1 /* yelp-app */,
				E49AB77B226859B900C02AE1 /* yelp-appTests */,
				E49AB786226859B900C02AE1 /* yelp-appUITests */,
			);
		};
/* End PBXProject section */

/* Begin PBXResourcesBuildPhase section */
		E49AB766226859B500C02AE1 /* Resources */ = {
			isa = PBXResourcesBuildPhase;
			buildActionMask = 2147483647;
			files = (
				E49AB776226859B800C02AE1 /* LaunchScreen.storyboard in Resources */,
				E49AB773226859B800C02AE1 /* Assets.xcassets in Resources */,
				E49AB771226859B500C02AE1 /* Main.storyboard in Resources */,
			);
			runOnlyForDeploymentPostprocessing = 0;
		};
		E49AB77A226859B900C02AE1 /* Resources */ = {
			isa = PBXResourcesBuildPhase;
			buildActionMask = 2147483647;
			files = (
			);
			runOnlyForDeploymentPostprocessing = 0;
		};
		E49AB785226859B900C02AE1 /* Resources */ = {
			isa = PBXResourcesBuildPhase;
			buildActionMask = 2147483647;
			files = (
			);
			runOnlyForDeploymentPostprocessing = 0;
		};
/* End PBXResourcesBuildPhase section */

/* Begin PBXShellScriptBuildPhase section */
		012ED809B4E1991804FC2602 /* [CP] Check Pods Manifest.lock */ = {
			isa = PBXShellScriptBuildPhase;
			buildActionMask = 2147483647;
			files = (
			);
			inputFileListPaths = (
			);
			inputPaths = (
				"${PODS_PODFILE_DIR_PATH}/Podfile.lock",
				"${PODS_ROOT}/Manifest.lock",
			);
			name = "[CP] Check Pods Manifest.lock";
			outputFileListPaths = (
			);
			outputPaths = (
				"$(DERIVED_FILE_DIR)/Pods-yelp-appUITests-checkManifestLockResult.txt",
			);
			runOnlyForDeploymentPostprocessing = 0;
			shellPath = /bin/sh;
			shellScript = "diff \"${PODS_PODFILE_DIR_PATH}/Podfile.lock\" \"${PODS_ROOT}/Manifest.lock\" > /dev/null\nif [ $? != 0 ] ; then\n    # print error to STDERR\n    echo \"error: The sandbox is not in sync with the Podfile.lock. Run 'pod install' or update your CocoaPods installation.\" >&2\n    exit 1\nfi\n# This output is used by Xcode 'outputs' to avoid re-running this script phase.\necho \"SUCCESS\" > \"${SCRIPT_OUTPUT_FILE_0}\"\n";
			showEnvVarsInLog = 0;
		};
		146E35D07E80B5903EBE7AA5 /* [CP] Embed Pods Frameworks */ = {
			isa = PBXShellScriptBuildPhase;
			buildActionMask = 2147483647;
			files = (
			);
			inputFileListPaths = (
			);
			inputPaths = (
				"${SRCROOT}/Pods/Target Support Files/Pods-yelp-app/Pods-yelp-app-frameworks.sh",
				"${BUILT_PRODUCTS_DIR}/Alamofire/Alamofire.framework",
			);
			name = "[CP] Embed Pods Frameworks";
			outputFileListPaths = (
			);
			outputPaths = (
				"${TARGET_BUILD_DIR}/${FRAMEWORKS_FOLDER_PATH}/Alamofire.framework",
			);
			runOnlyForDeploymentPostprocessing = 0;
			shellPath = /bin/sh;
			shellScript = "\"${SRCROOT}/Pods/Target Support Files/Pods-yelp-app/Pods-yelp-app-frameworks.sh\"\n";
			showEnvVarsInLog = 0;
		};
		59EDF695EC9D3D639BFB2C9B /* [CP] Check Pods Manifest.lock */ = {
			isa = PBXShellScriptBuildPhase;
			buildActionMask = 2147483647;
			files = (
			);
			inputFileListPaths = (
			);
			inputPaths = (
				"${PODS_PODFILE_DIR_PATH}/Podfile.lock",
				"${PODS_ROOT}/Manifest.lock",
			);
			name = "[CP] Check Pods Manifest.lock";
			outputFileListPaths = (
			);
			outputPaths = (
				"$(DERIVED_FILE_DIR)/Pods-yelp-app-checkManifestLockResult.txt",
			);
			runOnlyForDeploymentPostprocessing = 0;
			shellPath = /bin/sh;
			shellScript = "diff \"${PODS_PODFILE_DIR_PATH}/Podfile.lock\" \"${PODS_ROOT}/Manifest.lock\" > /dev/null\nif [ $? != 0 ] ; then\n    # print error to STDERR\n    echo \"error: The sandbox is not in sync with the Podfile.lock. Run 'pod install' or update your CocoaPods installation.\" >&2\n    exit 1\nfi\n# This output is used by Xcode 'outputs' to avoid re-running this script phase.\necho \"SUCCESS\" > \"${SCRIPT_OUTPUT_FILE_0}\"\n";
			showEnvVarsInLog = 0;
		};
		DF858B66EB314E98344F2E92 /* [CP] Check Pods Manifest.lock */ = {
			isa = PBXShellScriptBuildPhase;
			buildActionMask = 2147483647;
			files = (
			);
			inputFileListPaths = (
			);
			inputPaths = (
				"${PODS_PODFILE_DIR_PATH}/Podfile.lock",
				"${PODS_ROOT}/Manifest.lock",
			);
			name = "[CP] Check Pods Manifest.lock";
			outputFileListPaths = (
			);
			outputPaths = (
				"$(DERIVED_FILE_DIR)/Pods-yelp-appTests-checkManifestLockResult.txt",
			);
			runOnlyForDeploymentPostprocessing = 0;
			shellPath = /bin/sh;
			shellScript = "diff \"${PODS_PODFILE_DIR_PATH}/Podfile.lock\" \"${PODS_ROOT}/Manifest.lock\" > /dev/null\nif [ $? != 0 ] ; then\n    # print error to STDERR\n    echo \"error: The sandbox is not in sync with the Podfile.lock. Run 'pod install' or update your CocoaPods installation.\" >&2\n    exit 1\nfi\n# This output is used by Xcode 'outputs' to avoid re-running this script phase.\necho \"SUCCESS\" > \"${SCRIPT_OUTPUT_FILE_0}\"\n";
			showEnvVarsInLog = 0;
		};
/* End PBXShellScriptBuildPhase section */

/* Begin PBXSourcesBuildPhase section */
		E49AB764226859B500C02AE1 /* Sources */ = {
			isa = PBXSourcesBuildPhase;
			buildActionMask = 2147483647;
			files = (
				E49AB76C226859B500C02AE1 /* AppDelegate.swift in Sources */,
				E49AB79C226866C000C02AE1 /* YelpItemsViewController.swift in Sources */,
				E49AB7A022686BC200C02AE1 /* YelpItemCell.swift in Sources */,
				E49AB79E22686A2400C02AE1 /* YelpDetailsViewController.swift in Sources */,
			);
			runOnlyForDeploymentPostprocessing = 0;
		};
		E49AB778226859B900C02AE1 /* Sources */ = {
			isa = PBXSourcesBuildPhase;
			buildActionMask = 2147483647;
			files = (
				E49AB781226859B900C02AE1 /* yelp_appTests.swift in Sources */,
			);
			runOnlyForDeploymentPostprocessing = 0;
		};
		E49AB783226859B900C02AE1 /* Sources */ = {
			isa = PBXSourcesBuildPhase;
			buildActionMask = 2147483647;
			files = (
				E49AB78C226859B900C02AE1 /* yelp_appUITests.swift in Sources */,
			);
			runOnlyForDeploymentPostprocessing = 0;
		};
/* End PBXSourcesBuildPhase section */

/* Begin PBXTargetDependency section */
		E49AB77E226859B900C02AE1 /* PBXTargetDependency */ = {
			isa = PBXTargetDependency;
			target = E49AB767226859B500C02AE1 /* yelp-app */;
			targetProxy = E49AB77D226859B900C02AE1 /* PBXContainerItemProxy */;
		};
		E49AB789226859B900C02AE1 /* PBXTargetDependency */ = {
			isa = PBXTargetDependency;
			target = E49AB767226859B500C02AE1 /* yelp-app */;
			targetProxy = E49AB788226859B900C02AE1 /* PBXContainerItemProxy */;
		};
/* End PBXTargetDependency section */

/* Begin PBXVariantGroup section */
		E49AB76F226859B500C02AE1 /* Main.storyboard */ = {
			isa = PBXVariantGroup;
			children = (
				E49AB770226859B500C02AE1 /* Base */,
			);
			name = Main.storyboard;
			sourceTree = "<group>";
		};
		E49AB774226859B800C02AE1 /* LaunchScreen.storyboard */ = {
			isa = PBXVariantGroup;
			children = (
				E49AB775226859B800C02AE1 /* Base */,
			);
			name = LaunchScreen.storyboard;
			sourceTree = "<group>";
		};
/* End PBXVariantGroup section */

/* Begin XCBuildConfiguration section */
		E49AB78E226859B900C02AE1 /* Debug */ = {
			isa = XCBuildConfiguration;
			buildSettings = {
				ALWAYS_SEARCH_USER_PATHS = NO;
				CLANG_ANALYZER_NONNULL = YES;
				CLANG_ANALYZER_NUMBER_OBJECT_CONVERSION = YES_AGGRESSIVE;
				CLANG_CXX_LANGUAGE_STANDARD = "gnu++14";
				CLANG_CXX_LIBRARY = "libc++";
				CLANG_ENABLE_MODULES = YES;
				CLANG_ENABLE_OBJC_ARC = YES;
				CLANG_ENABLE_OBJC_WEAK = YES;
				CLANG_WARN_BLOCK_CAPTURE_AUTORELEASING = YES;
				CLANG_WARN_BOOL_CONVERSION = YES;
				CLANG_WARN_COMMA = YES;
				CLANG_WARN_CONSTANT_CONVERSION = YES;
				CLANG_WARN_DEPRECATED_OBJC_IMPLEMENTATIONS = YES;
				CLANG_WARN_DIRECT_OBJC_ISA_USAGE = YES_ERROR;
				CLANG_WARN_DOCUMENTATION_COMMENTS = YES;
				CLANG_WARN_EMPTY_BODY = YES;
				CLANG_WARN_ENUM_CONVERSION = YES;
				CLANG_WARN_INFINITE_RECURSION = YES;
				CLANG_WARN_INT_CONVERSION = YES;
				CLANG_WARN_NON_LITERAL_NULL_CONVERSION = YES;
				CLANG_WARN_OBJC_IMPLICIT_RETAIN_SELF = YES;
				CLANG_WARN_OBJC_LITERAL_CONVERSION = YES;
				CLANG_WARN_OBJC_ROOT_CLASS = YES_ERROR;
				CLANG_WARN_RANGE_LOOP_ANALYSIS = YES;
				CLANG_WARN_STRICT_PROTOTYPES = YES;
				CLANG_WARN_SUSPICIOUS_MOVE = YES;
				CLANG_WARN_UNGUARDED_AVAILABILITY = YES_AGGRESSIVE;
				CLANG_WARN_UNREACHABLE_CODE = YES;
				CLANG_WARN__DUPLICATE_METHOD_MATCH = YES;
				CODE_SIGN_IDENTITY = "iPhone Developer";
				COPY_PHASE_STRIP = NO;
				DEBUG_INFORMATION_FORMAT = dwarf;
				ENABLE_STRICT_OBJC_MSGSEND = YES;
				ENABLE_TESTABILITY = YES;
				GCC_C_LANGUAGE_STANDARD = gnu11;
				GCC_DYNAMIC_NO_PIC = NO;
				GCC_NO_COMMON_BLOCKS = YES;
				GCC_OPTIMIZATION_LEVEL = 0;
				GCC_PREPROCESSOR_DEFINITIONS = (
					"DEBUG=1",
					"$(inherited)",
				);
				GCC_WARN_64_TO_32_BIT_CONVERSION = YES;
				GCC_WARN_ABOUT_RETURN_TYPE = YES_ERROR;
				GCC_WARN_UNDECLARED_SELECTOR = YES;
				GCC_WARN_UNINITIALIZED_AUTOS = YES_AGGRESSIVE;
				GCC_WARN_UNUSED_FUNCTION = YES;
				GCC_WARN_UNUSED_VARIABLE = YES;
				IPHONEOS_DEPLOYMENT_TARGET = 12.0;
				MTL_ENABLE_DEBUG_INFO = INCLUDE_SOURCE;
				MTL_FAST_MATH = YES;
				ONLY_ACTIVE_ARCH = YES;
				SDKROOT = iphoneos;
				SWIFT_ACTIVE_COMPILATION_CONDITIONS = DEBUG;
				SWIFT_OPTIMIZATION_LEVEL = "-Onone";
			};
			name = Debug;
		};
		E49AB78F226859B900C02AE1 /* Release */ = {
			isa = XCBuildConfiguration;
			buildSettings = {
				ALWAYS_SEARCH_USER_PATHS = NO;
				CLANG_ANALYZER_NONNULL = YES;
				CLANG_ANALYZER_NUMBER_OBJECT_CONVERSION = YES_AGGRESSIVE;
				CLANG_CXX_LANGUAGE_STANDARD = "gnu++14";
				CLANG_CXX_LIBRARY = "libc++";
				CLANG_ENABLE_MODULES = YES;
				CLANG_ENABLE_OBJC_ARC = YES;
				CLANG_ENABLE_OBJC_WEAK = YES;
				CLANG_WARN_BLOCK_CAPTURE_AUTORELEASING = YES;
				CLANG_WARN_BOOL_CONVERSION = YES;
				CLANG_WARN_COMMA = YES;
				CLANG_WARN_CONSTANT_CONVERSION = YES;
				CLANG_WARN_DEPRECATED_OBJC_IMPLEMENTATIONS = YES;
				CLANG_WARN_DIRECT_OBJC_ISA_USAGE = YES_ERROR;
				CLANG_WARN_DOCUMENTATION_COMMENTS = YES;
				CLANG_WARN_EMPTY_BODY = YES;
				CLANG_WARN_ENUM_CONVERSION = YES;
				CLANG_WARN_INFINITE_RECURSION = YES;
				CLANG_WARN_INT_CONVERSION = YES;
				CLANG_WARN_NON_LITERAL_NULL_CONVERSION = YES;
				CLANG_WARN_OBJC_IMPLICIT_RETAIN_SELF = YES;
				CLANG_WARN_OBJC_LITERAL_CONVERSION = YES;
				CLANG_WARN_OBJC_ROOT_CLASS = YES_ERROR;
				CLANG_WARN_RANGE_LOOP_ANALYSIS = YES;
				CLANG_WARN_STRICT_PROTOTYPES = YES;
				CLANG_WARN_SUSPICIOUS_MOVE = YES;
				CLANG_WARN_UNGUARDED_AVAILABILITY = YES_AGGRESSIVE;
				CLANG_WARN_UNREACHABLE_CODE = YES;
				CLANG_WARN__DUPLICATE_METHOD_MATCH = YES;
				CODE_SIGN_IDENTITY = "iPhone Developer";
				COPY_PHASE_STRIP = NO;
				DEBUG_INFORMATION_FORMAT = "dwarf-with-dsym";
				ENABLE_NS_ASSERTIONS = NO;
				ENABLE_STRICT_OBJC_MSGSEND = YES;
				GCC_C_LANGUAGE_STANDARD = gnu11;
				GCC_NO_COMMON_BLOCKS = YES;
				GCC_WARN_64_TO_32_BIT_CONVERSION = YES;
				GCC_WARN_ABOUT_RETURN_TYPE = YES_ERROR;
				GCC_WARN_UNDECLARED_SELECTOR = YES;
				GCC_WARN_UNINITIALIZED_AUTOS = YES_AGGRESSIVE;
				GCC_WARN_UNUSED_FUNCTION = YES;
				GCC_WARN_UNUSED_VARIABLE = YES;
				IPHONEOS_DEPLOYMENT_TARGET = 12.0;
				MTL_ENABLE_DEBUG_INFO = NO;
				MTL_FAST_MATH = YES;
				SDKROOT = iphoneos;
				SWIFT_COMPILATION_MODE = wholemodule;
				SWIFT_OPTIMIZATION_LEVEL = "-O";
				VALIDATE_PRODUCT = YES;
			};
			name = Release;
		};
		E49AB791226859B900C02AE1 /* Debug */ = {
			isa = XCBuildConfiguration;
			baseConfigurationReference = EF43063ACD8C83802ED34AEF /* Pods-yelp-app.debug.xcconfig */;
			buildSettings = {
				ASSETCATALOG_COMPILER_APPICON_NAME = AppIcon;
				CODE_SIGN_STYLE = Automatic;
				INFOPLIST_FILE = "yelp-app/Info.plist";
				LD_RUNPATH_SEARCH_PATHS = (
					"$(inherited)",
					"@executable_path/Frameworks",
				);
				PRODUCT_BUNDLE_IDENTIFIER = "com.harryzhang.yelp-app";
				PRODUCT_NAME = "$(TARGET_NAME)";
				SWIFT_VERSION = 4.2;
				TARGETED_DEVICE_FAMILY = "1,2";
			};
			name = Debug;
		};
		E49AB792226859B900C02AE1 /* Release */ = {
			isa = XCBuildConfiguration;
			baseConfigurationReference = BDADBF19A2628E7F3EA2E792 /* Pods-yelp-app.release.xcconfig */;
			buildSettings = {
				ASSETCATALOG_COMPILER_APPICON_NAME = AppIcon;
				CODE_SIGN_STYLE = Automatic;
				INFOPLIST_FILE = "yelp-app/Info.plist";
				LD_RUNPATH_SEARCH_PATHS = (
					"$(inherited)",
					"@executable_path/Frameworks",
				);
				PRODUCT_BUNDLE_IDENTIFIER = "com.harryzhang.yelp-app";
				PRODUCT_NAME = "$(TARGET_NAME)";
				SWIFT_VERSION = 4.2;
				TARGETED_DEVICE_FAMILY = "1,2";
			};
			name = Release;
		};
		E49AB794226859B900C02AE1 /* Debug */ = {
			isa = XCBuildConfiguration;
			baseConfigurationReference = 883A261B55DBEE67072936F3 /* Pods-yelp-appTests.debug.xcconfig */;
			buildSettings = {
				ALWAYS_EMBED_SWIFT_STANDARD_LIBRARIES = YES;
				BUNDLE_LOADER = "$(TEST_HOST)";
				CODE_SIGN_STYLE = Automatic;
				INFOPLIST_FILE = "yelp-appTests/Info.plist";
				LD_RUNPATH_SEARCH_PATHS = (
					"$(inherited)",
					"@executable_path/Frameworks",
					"@loader_path/Frameworks",
				);
				PRODUCT_BUNDLE_IDENTIFIER = "com.harryzhang.yelp-appTests";
				PRODUCT_NAME = "$(TARGET_NAME)";
				SWIFT_VERSION = 4.2;
				TARGETED_DEVICE_FAMILY = "1,2";
				TEST_HOST = "$(BUILT_PRODUCTS_DIR)/yelp-app.app/yelp-app";
			};
			name = Debug;
		};
		E49AB795226859B900C02AE1 /* Release */ = {
			isa = XCBuildConfiguration;
			baseConfigurationReference = FC75D70BD2F26C08A6844F3B /* Pods-yelp-appTests.release.xcconfig */;
			buildSettings = {
				ALWAYS_EMBED_SWIFT_STANDARD_LIBRARIES = YES;
				BUNDLE_LOADER = "$(TEST_HOST)";
				CODE_SIGN_STYLE = Automatic;
				INFOPLIST_FILE = "yelp-appTests/Info.plist";
				LD_RUNPATH_SEARCH_PATHS = (
					"$(inherited)",
					"@executable_path/Frameworks",
					"@loader_path/Frameworks",
				);
				PRODUCT_BUNDLE_IDENTIFIER = "com.harryzhang.yelp-appTests";
				PRODUCT_NAME = "$(TARGET_NAME)";
				SWIFT_VERSION = 4.2;
				TARGETED_DEVICE_FAMILY = "1,2";
				TEST_HOST = "$(BUILT_PRODUCTS_DIR)/yelp-app.app/yelp-app";
			};
			name = Release;
		};
		E49AB797226859B900C02AE1 /* Debug */ = {
			isa = XCBuildConfiguration;
			baseConfigurationReference = E7308D44ABB87248FEBA1DBB /* Pods-yelp-appUITests.debug.xcconfig */;
			buildSettings = {
				ALWAYS_EMBED_SWIFT_STANDARD_LIBRARIES = YES;
				CODE_SIGN_STYLE = Automatic;
				INFOPLIST_FILE = "yelp-appUITests/Info.plist";
				LD_RUNPATH_SEARCH_PATHS = (
					"$(inherited)",
					"@executable_path/Frameworks",
					"@loader_path/Frameworks",
				);
				PRODUCT_BUNDLE_IDENTIFIER = "com.harryzhang.yelp-appUITests";
				PRODUCT_NAME = "$(TARGET_NAME)";
				SWIFT_VERSION = 4.2;
				TARGETED_DEVICE_FAMILY = "1,2";
				TEST_TARGET_NAME = "yelp-app";
			};
			name = Debug;
		};
		E49AB798226859B900C02AE1 /* Release */ = {
			isa = XCBuildConfiguration;
			baseConfigurationReference = FC2B24DDC35798A2FD374A00 /* Pods-yelp-appUITests.release.xcconfig */;
			buildSettings = {
				ALWAYS_EMBED_SWIFT_STANDARD_LIBRARIES = YES;
				CODE_SIGN_STYLE = Automatic;
				INFOPLIST_FILE = "yelp-appUITests/Info.plist";
				LD_RUNPATH_SEARCH_PATHS = (
					"$(inherited)",
					"@executable_path/Frameworks",
					"@loader_path/Frameworks",
				);
				PRODUCT_BUNDLE_IDENTIFIER = "com.harryzhang.yelp-appUITests";
				PRODUCT_NAME = "$(TARGET_NAME)";
				SWIFT_VERSION = 4.2;
				TARGETED_DEVICE_FAMILY = "1,2";
				TEST_TARGET_NAME = "yelp-app";
			};
			name = Release;
		};
/* End XCBuildConfiguration section */

/* Begin XCConfigurationList section */
		E49AB763226859B500C02AE1 /* Build configuration list for PBXProject "yelp-app" */ = {
			isa = XCConfigurationList;
			buildConfigurations = (
				E49AB78E226859B900C02AE1 /* Debug */,
				E49AB78F226859B900C02AE1 /* Release */,
			);
			defaultConfigurationIsVisible = 0;
			defaultConfigurationName = Release;
		};
		E49AB790226859B900C02AE1 /* Build configuration list for PBXNativeTarget "yelp-app" */ = {
			isa = XCConfigurationList;
			buildConfigurations = (
				E49AB791226859B900C02AE1 /* Debug */,
				E49AB792226859B900C02AE1 /* Release */,
			);
			defaultConfigurationIsVisible = 0;
			defaultConfigurationName = Release;
		};
		E49AB793226859B900C02AE1 /* Build configuration list for PBXNativeTarget "yelp-appTests" */ = {
			isa = XCConfigurationList;
			buildConfigurations = (
				E49AB794226859B900C02AE1 /* Debug */,
				E49AB795226859B900C02AE1 /* Release */,
			);
			defaultConfigurationIsVisible = 0;
			defaultConfigurationName = Release;
		};
		E49AB796226859B900C02AE1 /* Build configuration list for PBXNativeTarget "yelp-appUITests" */ = {
			isa = XCConfigurationList;
			buildConfigurations = (
				E49AB797226859B900C02AE1 /* Debug */,
				E49AB798226859B900C02AE1 /* Release */,
			);
			defaultConfigurationIsVisible = 0;
			defaultConfigurationName = Release;
		};
/* End XCConfigurationList section */
	};
	rootObject = E49AB760226859B500C02AE1 /* Project object */;
}
